
Microsoft Visual Studio Solution File, Format Version 12.00
# Visual Studio 15
VisualStudioVersion = 15.0.28307.168
MinimumVisualStudioVersion = 10.0.40219.1
Project("{FAE04EC0-301F-11D3-BF4B-00C04F79EFBC}") = "SimpleCalculator", "SimpleCalculator\SimpleCalculator.csproj", "{4418F5A0-A4A2-400F-B356-56ABA9143B83}"
EndProject
Global
	GlobalSection(SolutionConfigurationPlatforms) = preSolution
		Debug|Any CPU = Debug|Any CPU
		Release|Any CPU = Release|Any CPU
	EndGlobalSection
	GlobalSection(ProjectConfigurationPlatforms) = postSolution
		{4418F5A0-A4A2-400F-B356-56ABA9143B83}.Debug|Any CPU.ActiveCfg = Debug|Any CPU
		{4418F5A0-A4A2-400F-B356-56ABA9143B83}.Debug|Any CPU.Build.0 = Debug|Any CPU
		{4418F5A0-A4A2-400F-B356-56ABA9143B83}.Release|Any CPU.ActiveCfg = Release|Any CPU
		{4418F5A0-A4A2-400F-B356-56ABA9143B83}.Release|Any CPU.Build.0 = Release|Any CPU
	EndGlobalSection
	GlobalSection(SolutionProperties) = preSolution
		HideSolutionNode = FALSE
	EndGlobalSection
	GlobalSection(ExtensibilityGlobals) = postSolution
		SolutionGuid = {FE00F66B-01D6-48F5-9D61-B4B93F4CCF72}
	EndGlobalSection
EndGlobal
