
Microsoft Visual Studio Solution File, Format Version 12.00
# Visual Studio 15
VisualStudioVersion = 15.0.28307.168
MinimumVisualStudioVersion = 10.0.40219.1
Project("{FAE04EC0-301F-11D3-BF4B-00C04F79EFBC}") = "Task1", "Task1\Task1.csproj", "{E7234A82-FB64-40B7-9F55-632285999E7C}"
EndProject
Project("{FAE04EC0-301F-11D3-BF4B-00C04F79EFBC}") = "Task2", "Task2\Task2.csproj", "{5A38C144-5305-4495-B976-944070E0C248}"
EndProject
Project("{FAE04EC0-301F-11D3-BF4B-00C04F79EFBC}") = "Task3", "Task3\Task3.csproj", "{989E7B97-77C0-4FA9-9313-996F9CB4A0B7}"
EndProject
Project("{FAE04EC0-301F-11D3-BF4B-00C04F79EFBC}") = "Task4", "Task4\Task4.csproj", "{4CF5CBE6-1BDD-41DB-9DB9-EB72305577A2}"
EndProject
Global
	GlobalSection(SolutionConfigurationPlatforms) = preSolution
		Debug|Any CPU = Debug|Any CPU
		Release|Any CPU = Release|Any CPU
	EndGlobalSection
	GlobalSection(ProjectConfigurationPlatforms) = postSolution
		{E7234A82-FB64-40B7-9F55-632285999E7C}.Debug|Any CPU.ActiveCfg = Debug|Any CPU
		{E7234A82-FB64-40B7-9F55-632285999E7C}.Debug|Any CPU.Build.0 = Debug|Any CPU
		{E7234A82-FB64-40B7-9F55-632285999E7C}.Release|Any CPU.ActiveCfg = Release|Any CPU
		{E7234A82-FB64-40B7-9F55-632285999E7C}.Release|Any CPU.Build.0 = Release|Any CPU
		{5A38C144-5305-4495-B976-944070E0C248}.Debug|Any CPU.ActiveCfg = Debug|Any CPU
		{5A38C144-5305-4495-B976-944070E0C248}.Debug|Any CPU.Build.0 = Debug|Any CPU
		{5A38C144-5305-4495-B976-944070E0C248}.Release|Any CPU.ActiveCfg = Release|Any CPU
		{5A38C144-5305-4495-B976-944070E0C248}.Release|Any CPU.Build.0 = Release|Any CPU
		{989E7B97-77C0-4FA9-9313-996F9CB4A0B7}.Debug|Any CPU.ActiveCfg = Debug|Any CPU
		{989E7B97-77C0-4FA9-9313-996F9CB4A0B7}.Debug|Any CPU.Build.0 = Debug|Any CPU
		{989E7B97-77C0-4FA9-9313-996F9CB4A0B7}.Release|Any CPU.ActiveCfg = Release|Any CPU
		{989E7B97-77C0-4FA9-9313-996F9CB4A0B7}.Release|Any CPU.Build.0 = Release|Any CPU
		{4CF5CBE6-1BDD-41DB-9DB9-EB72305577A2}.Debug|Any CPU.ActiveCfg = Debug|Any CPU
		{4CF5CBE6-1BDD-41DB-9DB9-EB72305577A2}.Debug|Any CPU.Build.0 = Debug|Any CPU
		{4CF5CBE6-1BDD-41DB-9DB9-EB72305577A2}.Release|Any CPU.ActiveCfg = Release|Any CPU
		{4CF5CBE6-1BDD-41DB-9DB9-EB72305577A2}.Release|Any CPU.Build.0 = Release|Any CPU
	EndGlobalSection
	GlobalSection(SolutionProperties) = preSolution
		HideSolutionNode = FALSE
	EndGlobalSection
	GlobalSection(ExtensibilityGlobals) = postSolution
		SolutionGuid = {A173DDC6-3325-4773-8FC7-05217CA624B6}
	EndGlobalSection
EndGlobal
