
Microsoft Visual Studio Solution File, Format Version 12.00
# Visual Studio 15
VisualStudioVersion = 15.0.28307.168
MinimumVisualStudioVersion = 10.0.40219.1
Project("{FAE04EC0-301F-11D3-BF4B-00C04F79EFBC}") = "CirclesToDifferentDirections", "CirclesToDifferentDirections\CirclesToDifferentDirections.csproj", "{AA7067E7-F47B-4AA7-AE10-8CB0DFB5D487}"
EndProject
Global
	GlobalSection(SolutionConfigurationPlatforms) = preSolution
		Debug|Any CPU = Debug|Any CPU
		Release|Any CPU = Release|Any CPU
	EndGlobalSection
	GlobalSection(ProjectConfigurationPlatforms) = postSolution
		{AA7067E7-F47B-4AA7-AE10-8CB0DFB5D487}.Debug|Any CPU.ActiveCfg = Debug|Any CPU
		{AA7067E7-F47B-4AA7-AE10-8CB0DFB5D487}.Debug|Any CPU.Build.0 = Debug|Any CPU
		{AA7067E7-F47B-4AA7-AE10-8CB0DFB5D487}.Release|Any CPU.ActiveCfg = Release|Any CPU
		{AA7067E7-F47B-4AA7-AE10-8CB0DFB5D487}.Release|Any CPU.Build.0 = Release|Any CPU
	EndGlobalSection
	GlobalSection(SolutionProperties) = preSolution
		HideSolutionNode = FALSE
	EndGlobalSection
	GlobalSection(ExtensibilityGlobals) = postSolution
		SolutionGuid = {A2BFA136-F2AE-460D-998C-C4E72EDC0ADB}
	EndGlobalSection
EndGlobal
