
Microsoft Visual Studio Solution File, Format Version 12.00
# Visual Studio 15
VisualStudioVersion = 15.0.28307.168
MinimumVisualStudioVersion = 10.0.40219.1
Project("{FAE04EC0-301F-11D3-BF4B-00C04F79EFBC}") = "Task", "Task\Task.csproj", "{36EBC60A-13F6-46CD-B7EC-A4785BA1EBA3}"
EndProject
Global
	GlobalSection(SolutionConfigurationPlatforms) = preSolution
		Debug|Any CPU = Debug|Any CPU
		Release|Any CPU = Release|Any CPU
	EndGlobalSection
	GlobalSection(ProjectConfigurationPlatforms) = postSolution
		{36EBC60A-13F6-46CD-B7EC-A4785BA1EBA3}.Debug|Any CPU.ActiveCfg = Debug|Any CPU
		{36EBC60A-13F6-46CD-B7EC-A4785BA1EBA3}.Debug|Any CPU.Build.0 = Debug|Any CPU
		{36EBC60A-13F6-46CD-B7EC-A4785BA1EBA3}.Release|Any CPU.ActiveCfg = Release|Any CPU
		{36EBC60A-13F6-46CD-B7EC-A4785BA1EBA3}.Release|Any CPU.Build.0 = Release|Any CPU
	EndGlobalSection
	GlobalSection(SolutionProperties) = preSolution
		HideSolutionNode = FALSE
	EndGlobalSection
	GlobalSection(ExtensibilityGlobals) = postSolution
		SolutionGuid = {3673905A-1A38-4CCA-A624-C33E73FE6211}
	EndGlobalSection
EndGlobal
