
Microsoft Visual Studio Solution File, Format Version 12.00
# Visual Studio 15
VisualStudioVersion = 15.0.28307.168
MinimumVisualStudioVersion = 10.0.40219.1
Project("{FAE04EC0-301F-11D3-BF4B-00C04F79EFBC}") = "RandomFigures", "RandomFigures\RandomFigures.csproj", "{177B2A09-17F8-4D5F-9B00-7D2F0D5B262C}"
EndProject
Global
	GlobalSection(SolutionConfigurationPlatforms) = preSolution
		Debug|Any CPU = Debug|Any CPU
		Release|Any CPU = Release|Any CPU
	EndGlobalSection
	GlobalSection(ProjectConfigurationPlatforms) = postSolution
		{177B2A09-17F8-4D5F-9B00-7D2F0D5B262C}.Debug|Any CPU.ActiveCfg = Debug|Any CPU
		{177B2A09-17F8-4D5F-9B00-7D2F0D5B262C}.Debug|Any CPU.Build.0 = Debug|Any CPU
		{177B2A09-17F8-4D5F-9B00-7D2F0D5B262C}.Release|Any CPU.ActiveCfg = Release|Any CPU
		{177B2A09-17F8-4D5F-9B00-7D2F0D5B262C}.Release|Any CPU.Build.0 = Release|Any CPU
	EndGlobalSection
	GlobalSection(SolutionProperties) = preSolution
		HideSolutionNode = FALSE
	EndGlobalSection
	GlobalSection(ExtensibilityGlobals) = postSolution
		SolutionGuid = {B19DD299-48DB-4F29-A4CA-C7164FBB4CC2}
	EndGlobalSection
EndGlobal
